// !$*UTF8*$!
{
	archiveVersion = 1;
	classes = {
	};
	objectVersion = 46;
	objects = {

/* Begin PBXBuildFile section */
		6311321D1D3EE7370052EE4F /* DrawableBorderSideView.swift in Sources */ = {isa = PBXBuildFile; fileRef = 6311321C1D3EE7370052EE4F /* DrawableBorderSideView.swift */; };
		6311321F1D3EE9B20052EE4F /* BorderSides.swift in Sources */ = {isa = PBXBuildFile; fileRef = 6311321E1D3EE9B20052EE4F /* BorderSides.swift */; };
		6311FA6C1D3D5E1000A114A1 /* DrawableType.swift in Sources */ = {isa = PBXBuildFile; fileRef = 6311FA6B1D3D5E1000A114A1 /* DrawableType.swift */; };
		6311FA731D3D5F2E00A114A1 /* StringValueConvertible.swift in Sources */ = {isa = PBXBuildFile; fileRef = 6311FA721D3D5F2E00A114A1 /* StringValueConvertible.swift */; };
		6311FA781D3D623B00A114A1 /* UIKit+Additions.swift in Sources */ = {isa = PBXBuildFile; fileRef = 6311FA771D3D623B00A114A1 /* UIKit+Additions.swift */; };
		6311FA7A1D3D628100A114A1 /* Style.swift in Sources */ = {isa = PBXBuildFile; fileRef = 6311FA791D3D628100A114A1 /* Style.swift */; };
		6311FA821D3D6DBE00A114A1 /* DrawableView.swift in Sources */ = {isa = PBXBuildFile; fileRef = 6311FA811D3D6DBE00A114A1 /* DrawableView.swift */; };
		6377EE4D1D3D52E000D5FAFC /* DLInterfaceBuilderDrawables.h in Headers */ = {isa = PBXBuildFile; fileRef = 6377EE4C1D3D52E000D5FAFC /* DLInterfaceBuilderDrawables.h */; settings = {ATTRIBUTES = (Public, ); }; };
		6380703B1D44FD4F0043CDC2 /* DrawableActivityIndicator.swift in Sources */ = {isa = PBXBuildFile; fileRef = 6380703A1D44FD4F0043CDC2 /* DrawableActivityIndicator.swift */; };
		6380703D1D4501F20043CDC2 /* DrawableImageView.swift in Sources */ = {isa = PBXBuildFile; fileRef = 6380703C1D4501F20043CDC2 /* DrawableImageView.swift */; };
		6380703F1D4505A00043CDC2 /* DrawableBarType.swift in Sources */ = {isa = PBXBuildFile; fileRef = 6380703E1D4505A00043CDC2 /* DrawableBarType.swift */; };
		638070411D4509D30043CDC2 /* DrawableNavigationBar.swift in Sources */ = {isa = PBXBuildFile; fileRef = 638070401D4509D30043CDC2 /* DrawableNavigationBar.swift */; };
		638070431D451FCD0043CDC2 /* DrawableTabBar.swift in Sources */ = {isa = PBXBuildFile; fileRef = 638070421D451FCD0043CDC2 /* DrawableTabBar.swift */; };
		638070451D4522D30043CDC2 /* CornerRadiusApplicable.swift in Sources */ = {isa = PBXBuildFile; fileRef = 638070441D4522D30043CDC2 /* CornerRadiusApplicable.swift */; };
		638070471D4522FB0043CDC2 /* BorderApplicable.swift in Sources */ = {isa = PBXBuildFile; fileRef = 638070461D4522FB0043CDC2 /* BorderApplicable.swift */; };
		638070491D45230D0043CDC2 /* ShadowApplicable.swift in Sources */ = {isa = PBXBuildFile; fileRef = 638070481D45230D0043CDC2 /* ShadowApplicable.swift */; };
		6380704B1D45257F0043CDC2 /* BackgroundColorApplicable.swift in Sources */ = {isa = PBXBuildFile; fileRef = 6380704A1D45257F0043CDC2 /* BackgroundColorApplicable.swift */; };
		6380704D1D4525A80043CDC2 /* TintApplicable.swift in Sources */ = {isa = PBXBuildFile; fileRef = 6380704C1D4525A80043CDC2 /* TintApplicable.swift */; };
		6380704F1D452B490043CDC2 /* DrawableToolbar.swift in Sources */ = {isa = PBXBuildFile; fileRef = 6380704E1D452B490043CDC2 /* DrawableToolbar.swift */; };
		638070511D452D9F0043CDC2 /* DrawableProgressView.swift in Sources */ = {isa = PBXBuildFile; fileRef = 638070501D452D9F0043CDC2 /* DrawableProgressView.swift */; };
		638070531D452FD10043CDC2 /* DrawableLabel.swift in Sources */ = {isa = PBXBuildFile; fileRef = 638070521D452FD10043CDC2 /* DrawableLabel.swift */; };
		6380705D1D45323A0043CDC2 /* LocalizableTextType.swift in Sources */ = {isa = PBXBuildFile; fileRef = 6380705C1D45323A0043CDC2 /* LocalizableTextType.swift */; };
		6380705F1D4534AE0043CDC2 /* TextType.swift in Sources */ = {isa = PBXBuildFile; fileRef = 6380705E1D4534AE0043CDC2 /* TextType.swift */; };
		638070611D4534D80043CDC2 /* PlaceholderType.swift in Sources */ = {isa = PBXBuildFile; fileRef = 638070601D4534D80043CDC2 /* PlaceholderType.swift */; };
		638070631D4535000043CDC2 /* LocalizablePlaceholderType.swift in Sources */ = {isa = PBXBuildFile; fileRef = 638070621D4535000043CDC2 /* LocalizablePlaceholderType.swift */; };
		638070651D45364C0043CDC2 /* TitleType.swift in Sources */ = {isa = PBXBuildFile; fileRef = 638070641D45364C0043CDC2 /* TitleType.swift */; };
		638070671D4536820043CDC2 /* LocalizableTitleType.swift in Sources */ = {isa = PBXBuildFile; fileRef = 638070661D4536820043CDC2 /* LocalizableTitleType.swift */; };
		6380706D1D453CAC0043CDC2 /* AttributedTextType.swift in Sources */ = {isa = PBXBuildFile; fileRef = 6380706C1D453CAC0043CDC2 /* AttributedTextType.swift */; };
		6380706F1D453D120043CDC2 /* AttributedPlacedholderType.swift in Sources */ = {isa = PBXBuildFile; fileRef = 6380706E1D453D120043CDC2 /* AttributedPlacedholderType.swift */; };
		638070711D45401C0043CDC2 /* Foundation+Additions.swift in Sources */ = {isa = PBXBuildFile; fileRef = 638070701D45401C0043CDC2 /* Foundation+Additions.swift */; };
		63BD01161EA0074C00BDD080 /* DLInvocation.h in Headers */ = {isa = PBXBuildFile; fileRef = 63BD01121EA0074C00BDD080 /* DLInvocation.h */; settings = {ATTRIBUTES = (Public, ); }; };
		63BD01171EA0074C00BDD080 /* DLInvocation.m in Sources */ = {isa = PBXBuildFile; fileRef = 63BD01131EA0074C00BDD080 /* DLInvocation.m */; };
		63BD01181EA0074C00BDD080 /* DLInvocation+FoundationMapping.h in Headers */ = {isa = PBXBuildFile; fileRef = 63BD01141EA0074C00BDD080 /* DLInvocation+FoundationMapping.h */; };
		63BD01191EA0074C00BDD080 /* DLInvocation+FoundationMapping.m in Sources */ = {isa = PBXBuildFile; fileRef = 63BD01151EA0074C00BDD080 /* DLInvocation+FoundationMapping.m */; };
/* End PBXBuildFile section */

/* Begin PBXFileReference section */
		6311321C1D3EE7370052EE4F /* DrawableBorderSideView.swift */ = {isa = PBXFileReference; fileEncoding = 4; lastKnownFileType = sourcecode.swift; path = DrawableBorderSideView.swift; sourceTree = "<group>"; };
		6311321E1D3EE9B20052EE4F /* BorderSides.swift */ = {isa = PBXFileReference; fileEncoding = 4; lastKnownFileType = sourcecode.swift; path = BorderSides.swift; sourceTree = "<group>"; };
		6311FA6B1D3D5E1000A114A1 /* DrawableType.swift */ = {isa = PBXFileReference; fileEncoding = 4; lastKnownFileType = sourcecode.swift; path = DrawableType.swift; sourceTree = "<group>"; };
		6311FA721D3D5F2E00A114A1 /* StringValueConvertible.swift */ = {isa = PBXFileReference; fileEncoding = 4; lastKnownFileType = sourcecode.swift; path = StringValueConvertible.swift; sourceTree = "<group>"; };
		6311FA771D3D623B00A114A1 /* UIKit+Additions.swift */ = {isa = PBXFileReference; fileEncoding = 4; lastKnownFileType = sourcecode.swift; path = "UIKit+Additions.swift"; sourceTree = "<group>"; };
		6311FA791D3D628100A114A1 /* Style.swift */ = {isa = PBXFileReference; fileEncoding = 4; lastKnownFileType = sourcecode.swift; path = Style.swift; sourceTree = "<group>"; };
		6311FA811D3D6DBE00A114A1 /* DrawableView.swift */ = {isa = PBXFileReference; fileEncoding = 4; lastKnownFileType = sourcecode.swift; path = DrawableView.swift; sourceTree = "<group>"; };
		6377EE491D3D52E000D5FAFC /* DLInterfaceBuilderDrawables.framework */ = {isa = PBXFileReference; explicitFileType = wrapper.framework; includeInIndex = 0; path = DLInterfaceBuilderDrawables.framework; sourceTree = BUILT_PRODUCTS_DIR; };
		6377EE4C1D3D52E000D5FAFC /* DLInterfaceBuilderDrawables.h */ = {isa = PBXFileReference; lastKnownFileType = sourcecode.c.h; path = DLInterfaceBuilderDrawables.h; sourceTree = "<group>"; };
		6377EE4E1D3D52E000D5FAFC /* Info.plist */ = {isa = PBXFileReference; lastKnownFileType = text.plist.xml; path = Info.plist; sourceTree = "<group>"; };
		6380703A1D44FD4F0043CDC2 /* DrawableActivityIndicator.swift */ = {isa = PBXFileReference; fileEncoding = 4; lastKnownFileType = sourcecode.swift; path = DrawableActivityIndicator.swift; sourceTree = "<group>"; };
		6380703C1D4501F20043CDC2 /* DrawableImageView.swift */ = {isa = PBXFileReference; fileEncoding = 4; lastKnownFileType = sourcecode.swift; path = DrawableImageView.swift; sourceTree = "<group>"; };
		6380703E1D4505A00043CDC2 /* DrawableBarType.swift */ = {isa = PBXFileReference; fileEncoding = 4; lastKnownFileType = sourcecode.swift; path = DrawableBarType.swift; sourceTree = "<group>"; };
		638070401D4509D30043CDC2 /* DrawableNavigationBar.swift */ = {isa = PBXFileReference; fileEncoding = 4; lastKnownFileType = sourcecode.swift; path = DrawableNavigationBar.swift; sourceTree = "<group>"; };
		638070421D451FCD0043CDC2 /* DrawableTabBar.swift */ = {isa = PBXFileReference; fileEncoding = 4; lastKnownFileType = sourcecode.swift; path = DrawableTabBar.swift; sourceTree = "<group>"; };
		638070441D4522D30043CDC2 /* CornerRadiusApplicable.swift */ = {isa = PBXFileReference; fileEncoding = 4; lastKnownFileType = sourcecode.swift; path = CornerRadiusApplicable.swift; sourceTree = "<group>"; };
		638070461D4522FB0043CDC2 /* BorderApplicable.swift */ = {isa = PBXFileReference; fileEncoding = 4; lastKnownFileType = sourcecode.swift; path = BorderApplicable.swift; sourceTree = "<group>"; };
		638070481D45230D0043CDC2 /* ShadowApplicable.swift */ = {isa = PBXFileReference; fileEncoding = 4; lastKnownFileType = sourcecode.swift; path = ShadowApplicable.swift; sourceTree = "<group>"; };
		6380704A1D45257F0043CDC2 /* BackgroundColorApplicable.swift */ = {isa = PBXFileReference; fileEncoding = 4; lastKnownFileType = sourcecode.swift; path = BackgroundColorApplicable.swift; sourceTree = "<group>"; };
		6380704C1D4525A80043CDC2 /* TintApplicable.swift */ = {isa = PBXFileReference; fileEncoding = 4; lastKnownFileType = sourcecode.swift; path = TintApplicable.swift; sourceTree = "<group>"; };
		6380704E1D452B490043CDC2 /* DrawableToolbar.swift */ = {isa = PBXFileReference; fileEncoding = 4; lastKnownFileType = sourcecode.swift; path = DrawableToolbar.swift; sourceTree = "<group>"; };
		638070501D452D9F0043CDC2 /* DrawableProgressView.swift */ = {isa = PBXFileReference; fileEncoding = 4; lastKnownFileType = sourcecode.swift; path = DrawableProgressView.swift; sourceTree = "<group>"; };
		638070521D452FD10043CDC2 /* DrawableLabel.swift */ = {isa = PBXFileReference; fileEncoding = 4; lastKnownFileType = sourcecode.swift; path = DrawableLabel.swift; sourceTree = "<group>"; };
		6380705C1D45323A0043CDC2 /* LocalizableTextType.swift */ = {isa = PBXFileReference; fileEncoding = 4; lastKnownFileType = sourcecode.swift; path = LocalizableTextType.swift; sourceTree = "<group>"; };
		6380705E1D4534AE0043CDC2 /* TextType.swift */ = {isa = PBXFileReference; fileEncoding = 4; lastKnownFileType = sourcecode.swift; path = TextType.swift; sourceTree = "<group>"; };
		638070601D4534D80043CDC2 /* PlaceholderType.swift */ = {isa = PBXFileReference; fileEncoding = 4; lastKnownFileType = sourcecode.swift; path = PlaceholderType.swift; sourceTree = "<group>"; };
		638070621D4535000043CDC2 /* LocalizablePlaceholderType.swift */ = {isa = PBXFileReference; fileEncoding = 4; lastKnownFileType = sourcecode.swift; path = LocalizablePlaceholderType.swift; sourceTree = "<group>"; };
		638070641D45364C0043CDC2 /* TitleType.swift */ = {isa = PBXFileReference; fileEncoding = 4; lastKnownFileType = sourcecode.swift; path = TitleType.swift; sourceTree = "<group>"; };
		638070661D4536820043CDC2 /* LocalizableTitleType.swift */ = {isa = PBXFileReference; fileEncoding = 4; lastKnownFileType = sourcecode.swift; path = LocalizableTitleType.swift; sourceTree = "<group>"; };
		6380706C1D453CAC0043CDC2 /* AttributedTextType.swift */ = {isa = PBXFileReference; fileEncoding = 4; lastKnownFileType = sourcecode.swift; path = AttributedTextType.swift; sourceTree = "<group>"; };
		6380706E1D453D120043CDC2 /* AttributedPlacedholderType.swift */ = {isa = PBXFileReference; fileEncoding = 4; lastKnownFileType = sourcecode.swift; path = AttributedPlacedholderType.swift; sourceTree = "<group>"; };
		638070701D45401C0043CDC2 /* Foundation+Additions.swift */ = {isa = PBXFileReference; fileEncoding = 4; lastKnownFileType = sourcecode.swift; path = "Foundation+Additions.swift"; sourceTree = "<group>"; };
		63BD01121EA0074C00BDD080 /* DLInvocation.h */ = {isa = PBXFileReference; fileEncoding = 4; lastKnownFileType = sourcecode.c.h; path = DLInvocation.h; sourceTree = "<group>"; };
		63BD01131EA0074C00BDD080 /* DLInvocation.m */ = {isa = PBXFileReference; fileEncoding = 4; lastKnownFileType = sourcecode.c.objc; path = DLInvocation.m; sourceTree = "<group>"; };
		63BD01141EA0074C00BDD080 /* DLInvocation+FoundationMapping.h */ = {isa = PBXFileReference; fileEncoding = 4; lastKnownFileType = sourcecode.c.h; path = "DLInvocation+FoundationMapping.h"; sourceTree = "<group>"; };
		63BD01151EA0074C00BDD080 /* DLInvocation+FoundationMapping.m */ = {isa = PBXFileReference; fileEncoding = 4; lastKnownFileType = sourcecode.c.objc; path = "DLInvocation+FoundationMapping.m"; sourceTree = "<group>"; };
/* End PBXFileReference section */

/* Begin PBXFrameworksBuildPhase section */
		6377EE451D3D52E000D5FAFC /* Frameworks */ = {
			isa = PBXFrameworksBuildPhase;
			buildActionMask = 2147483647;
			files = (
			);
			runOnlyForDeploymentPostprocessing = 0;
		};
/* End PBXFrameworksBuildPhase section */

/* Begin PBXGroup section */
		6311FA691D3D5DF400A114A1 /* Protocols */ = {
			isa = PBXGroup;
			children = (
				6380706C1D453CAC0043CDC2 /* AttributedTextType.swift */,
				6380706E1D453D120043CDC2 /* AttributedPlacedholderType.swift */,
				6380704A1D45257F0043CDC2 /* BackgroundColorApplicable.swift */,
				638070461D4522FB0043CDC2 /* BorderApplicable.swift */,
				638070441D4522D30043CDC2 /* CornerRadiusApplicable.swift */,
				6380703E1D4505A00043CDC2 /* DrawableBarType.swift */,
				6311FA6B1D3D5E1000A114A1 /* DrawableType.swift */,
				638070621D4535000043CDC2 /* LocalizablePlaceholderType.swift */,
				6380705C1D45323A0043CDC2 /* LocalizableTextType.swift */,
				638070661D4536820043CDC2 /* LocalizableTitleType.swift */,
				638070601D4534D80043CDC2 /* PlaceholderType.swift */,
				638070481D45230D0043CDC2 /* ShadowApplicable.swift */,
				6380705E1D4534AE0043CDC2 /* TextType.swift */,
				6380704C1D4525A80043CDC2 /* TintApplicable.swift */,
				638070641D45364C0043CDC2 /* TitleType.swift */,
			);
			path = Protocols;
			sourceTree = "<group>";
		};
		6311FA6A1D3D5DF400A114A1 /* Views */ = {
			isa = PBXGroup;
			children = (
				6380703A1D44FD4F0043CDC2 /* DrawableActivityIndicator.swift */,
				6311321C1D3EE7370052EE4F /* DrawableBorderSideView.swift */,
				6311FA811D3D6DBE00A114A1 /* DrawableView.swift */,
				6380703C1D4501F20043CDC2 /* DrawableImageView.swift */,
				638070521D452FD10043CDC2 /* DrawableLabel.swift */,
				638070401D4509D30043CDC2 /* DrawableNavigationBar.swift */,
				638070501D452D9F0043CDC2 /* DrawableProgressView.swift */,
				638070421D451FCD0043CDC2 /* DrawableTabBar.swift */,
				6380704E1D452B490043CDC2 /* DrawableToolbar.swift */,
			);
			path = Views;
			sourceTree = "<group>";
		};
		6311FA6D1D3D5ED100A114A1 /* Foundation */ = {
			isa = PBXGroup;
			children = (
				63BD01121EA0074C00BDD080 /* DLInvocation.h */,
				63BD01131EA0074C00BDD080 /* DLInvocation.m */,
				63BD01141EA0074C00BDD080 /* DLInvocation+FoundationMapping.h */,
				63BD01151EA0074C00BDD080 /* DLInvocation+FoundationMapping.m */,
				6311321E1D3EE9B20052EE4F /* BorderSides.swift */,
				638070701D45401C0043CDC2 /* Foundation+Additions.swift */,
				6311FA721D3D5F2E00A114A1 /* StringValueConvertible.swift */,
				6311FA791D3D628100A114A1 /* Style.swift */,
				6311FA771D3D623B00A114A1 /* UIKit+Additions.swift */,
			);
			path = Foundation;
			sourceTree = "<group>";
		};
		6377EE3F1D3D52E000D5FAFC = {
			isa = PBXGroup;
			children = (
				6377EE4B1D3D52E000D5FAFC /* DLInterfaceBuilderDrawables */,
				6377EE4A1D3D52E000D5FAFC /* Products */,
			);
			sourceTree = "<group>";
		};
		6377EE4A1D3D52E000D5FAFC /* Products */ = {
			isa = PBXGroup;
			children = (
				6377EE491D3D52E000D5FAFC /* DLInterfaceBuilderDrawables.framework */,
			);
			name = Products;
			sourceTree = "<group>";
		};
		6377EE4B1D3D52E000D5FAFC /* DLInterfaceBuilderDrawables */ = {
			isa = PBXGroup;
			children = (
				6377EE4C1D3D52E000D5FAFC /* DLInterfaceBuilderDrawables.h */,
				6311FA6D1D3D5ED100A114A1 /* Foundation */,
				6311FA691D3D5DF400A114A1 /* Protocols */,
				6311FA6A1D3D5DF400A114A1 /* Views */,
				6377EE4E1D3D52E000D5FAFC /* Info.plist */,
			);
			path = DLInterfaceBuilderDrawables;
			sourceTree = "<group>";
		};
/* End PBXGroup section */

/* Begin PBXHeadersBuildPhase section */
		6377EE461D3D52E000D5FAFC /* Headers */ = {
			isa = PBXHeadersBuildPhase;
			buildActionMask = 2147483647;
			files = (
				63BD01181EA0074C00BDD080 /* DLInvocation+FoundationMapping.h in Headers */,
				63BD01161EA0074C00BDD080 /* DLInvocation.h in Headers */,
				6377EE4D1D3D52E000D5FAFC /* DLInterfaceBuilderDrawables.h in Headers */,
			);
			runOnlyForDeploymentPostprocessing = 0;
		};
/* End PBXHeadersBuildPhase section */

/* Begin PBXNativeTarget section */
		6377EE481D3D52E000D5FAFC /* DLInterfaceBuilderDrawables */ = {
			isa = PBXNativeTarget;
			buildConfigurationList = 6377EE511D3D52E000D5FAFC /* Build configuration list for PBXNativeTarget "DLInterfaceBuilderDrawables" */;
			buildPhases = (
				6377EE441D3D52E000D5FAFC /* Sources */,
				6377EE451D3D52E000D5FAFC /* Frameworks */,
				6377EE461D3D52E000D5FAFC /* Headers */,
				6377EE471D3D52E000D5FAFC /* Resources */,
			);
			buildRules = (
			);
			dependencies = (
			);
			name = DLInterfaceBuilderDrawables;
			productName = DLInterfaceBuilderDrawables;
			productReference = 6377EE491D3D52E000D5FAFC /* DLInterfaceBuilderDrawables.framework */;
			productType = "com.apple.product-type.framework";
		};
/* End PBXNativeTarget section */

/* Begin PBXProject section */
		6377EE401D3D52E000D5FAFC /* Project object */ = {
			isa = PBXProject;
			attributes = {
				LastUpgradeCheck = 0830;
				ORGANIZATIONNAME = Community;
				TargetAttributes = {
					6377EE481D3D52E000D5FAFC = {
						CreatedOnToolsVersion = 7.3;
						LastSwiftMigration = 0830;
					};
				};
			};
			buildConfigurationList = 6377EE431D3D52E000D5FAFC /* Build configuration list for PBXProject "DLInterfaceBuilderDrawables" */;
			compatibilityVersion = "Xcode 3.2";
			developmentRegion = English;
			hasScannedForEncodings = 0;
			knownRegions = (
				en,
			);
			mainGroup = 6377EE3F1D3D52E000D5FAFC;
			productRefGroup = 6377EE4A1D3D52E000D5FAFC /* Products */;
			projectDirPath = "";
			projectRoot = "";
			targets = (
				6377EE481D3D52E000D5FAFC /* DLInterfaceBuilderDrawables */,
			);
		};
/* End PBXProject section */

/* Begin PBXResourcesBuildPhase section */
		6377EE471D3D52E000D5FAFC /* Resources */ = {
			isa = PBXResourcesBuildPhase;
			buildActionMask = 2147483647;
			files = (
			);
			runOnlyForDeploymentPostprocessing = 0;
		};
/* End PBXResourcesBuildPhase section */

/* Begin PBXSourcesBuildPhase section */
		6377EE441D3D52E000D5FAFC /* Sources */ = {
			isa = PBXSourcesBuildPhase;
			buildActionMask = 2147483647;
			files = (
				638070711D45401C0043CDC2 /* Foundation+Additions.swift in Sources */,
				6311FA781D3D623B00A114A1 /* UIKit+Additions.swift in Sources */,
				6311FA821D3D6DBE00A114A1 /* DrawableView.swift in Sources */,
				6311FA6C1D3D5E1000A114A1 /* DrawableType.swift in Sources */,
				6380706F1D453D120043CDC2 /* AttributedPlacedholderType.swift in Sources */,
				638070511D452D9F0043CDC2 /* DrawableProgressView.swift in Sources */,
				63BD01191EA0074C00BDD080 /* DLInvocation+FoundationMapping.m in Sources */,
				6311321F1D3EE9B20052EE4F /* BorderSides.swift in Sources */,
				6380705D1D45323A0043CDC2 /* LocalizableTextType.swift in Sources */,
				638070451D4522D30043CDC2 /* CornerRadiusApplicable.swift in Sources */,
				6380705F1D4534AE0043CDC2 /* TextType.swift in Sources */,
				638070491D45230D0043CDC2 /* ShadowApplicable.swift in Sources */,
				6380706D1D453CAC0043CDC2 /* AttributedTextType.swift in Sources */,
				6380704F1D452B490043CDC2 /* DrawableToolbar.swift in Sources */,
				638070471D4522FB0043CDC2 /* BorderApplicable.swift in Sources */,
				638070531D452FD10043CDC2 /* DrawableLabel.swift in Sources */,
				638070631D4535000043CDC2 /* LocalizablePlaceholderType.swift in Sources */,
				63BD01171EA0074C00BDD080 /* DLInvocation.m in Sources */,
				638070651D45364C0043CDC2 /* TitleType.swift in Sources */,
				638070611D4534D80043CDC2 /* PlaceholderType.swift in Sources */,
				638070671D4536820043CDC2 /* LocalizableTitleType.swift in Sources */,
				6380703B1D44FD4F0043CDC2 /* DrawableActivityIndicator.swift in Sources */,
				6380703F1D4505A00043CDC2 /* DrawableBarType.swift in Sources */,
				6380704D1D4525A80043CDC2 /* TintApplicable.swift in Sources */,
				6311FA731D3D5F2E00A114A1 /* StringValueConvertible.swift in Sources */,
				638070431D451FCD0043CDC2 /* DrawableTabBar.swift in Sources */,
				6311FA7A1D3D628100A114A1 /* Style.swift in Sources */,
				6380704B1D45257F0043CDC2 /* BackgroundColorApplicable.swift in Sources */,
				638070411D4509D30043CDC2 /* DrawableNavigationBar.swift in Sources */,
				6380703D1D4501F20043CDC2 /* DrawableImageView.swift in Sources */,
				6311321D1D3EE7370052EE4F /* DrawableBorderSideView.swift in Sources */,
			);
			runOnlyForDeploymentPostprocessing = 0;
		};
/* End PBXSourcesBuildPhase section */

/* Begin XCBuildConfiguration section */
		6377EE4F1D3D52E000D5FAFC /* Debug */ = {
			isa = XCBuildConfiguration;
			buildSettings = {
				ALWAYS_SEARCH_USER_PATHS = NO;
				CLANG_ANALYZER_NONNULL = YES;
				CLANG_CXX_LANGUAGE_STANDARD = "gnu++0x";
				CLANG_CXX_LIBRARY = "libc++";
				CLANG_ENABLE_MODULES = YES;
				CLANG_ENABLE_OBJC_ARC = YES;
				CLANG_WARN_BOOL_CONVERSION = YES;
				CLANG_WARN_CONSTANT_CONVERSION = YES;
				CLANG_WARN_DIRECT_OBJC_ISA_USAGE = YES_ERROR;
				CLANG_WARN_EMPTY_BODY = YES;
				CLANG_WARN_ENUM_CONVERSION = YES;
				CLANG_WARN_INFINITE_RECURSION = YES;
				CLANG_WARN_INT_CONVERSION = YES;
				CLANG_WARN_OBJC_ROOT_CLASS = YES_ERROR;
				CLANG_WARN_SUSPICIOUS_MOVE = YES;
				CLANG_WARN_UNREACHABLE_CODE = YES;
				CLANG_WARN__DUPLICATE_METHOD_MATCH = YES;
				"CODE_SIGN_IDENTITY[sdk=iphoneos*]" = "iPhone Developer";
				COPY_PHASE_STRIP = NO;
				CURRENT_PROJECT_VERSION = 1;
				DEBUG_INFORMATION_FORMAT = dwarf;
				ENABLE_STRICT_OBJC_MSGSEND = YES;
				ENABLE_TESTABILITY = YES;
				GCC_C_LANGUAGE_STANDARD = gnu99;
				GCC_DYNAMIC_NO_PIC = NO;
				GCC_NO_COMMON_BLOCKS = YES;
				GCC_OPTIMIZATION_LEVEL = 0;
				GCC_PREPROCESSOR_DEFINITIONS = (
					"DEBUG=1",
					"$(inherited)",
				);
				GCC_WARN_64_TO_32_BIT_CONVERSION = YES;
				GCC_WARN_ABOUT_RETURN_TYPE = YES_ERROR;
				GCC_WARN_UNDECLARED_SELECTOR = YES;
				GCC_WARN_UNINITIALIZED_AUTOS = YES_AGGRESSIVE;
				GCC_WARN_UNUSED_FUNCTION = YES;
				GCC_WARN_UNUSED_VARIABLE = YES;
				IPHONEOS_DEPLOYMENT_TARGET = 9.3;
				MTL_ENABLE_DEBUG_INFO = YES;
				ONLY_ACTIVE_ARCH = YES;
				SDKROOT = iphoneos;
				SWIFT_OPTIMIZATION_LEVEL = "-Onone";
				TARGETED_DEVICE_FAMILY = "1,2";
				VERSIONING_SYSTEM = "apple-generic";
				VERSION_INFO_PREFIX = "";
			};
			name = Debug;
		};
		6377EE501D3D52E000D5FAFC /* Release */ = {
			isa = XCBuildConfiguration;
			buildSettings = {
				ALWAYS_SEARCH_USER_PATHS = NO;
				CLANG_ANALYZER_NONNULL = YES;
				CLANG_CXX_LANGUAGE_STANDARD = "gnu++0x";
				CLANG_CXX_LIBRARY = "libc++";
				CLANG_ENABLE_MODULES = YES;
				CLANG_ENABLE_OBJC_ARC = YES;
				CLANG_WARN_BOOL_CONVERSION = YES;
				CLANG_WARN_CONSTANT_CONVERSION = YES;
				CLANG_WARN_DIRECT_OBJC_ISA_USAGE = YES_ERROR;
				CLANG_WARN_EMPTY_BODY = YES;
				CLANG_WARN_ENUM_CONVERSION = YES;
				CLANG_WARN_INFINITE_RECURSION = YES;
				CLANG_WARN_INT_CONVERSION = YES;
				CLANG_WARN_OBJC_ROOT_CLASS = YES_ERROR;
				CLANG_WARN_SUSPICIOUS_MOVE = YES;
				CLANG_WARN_UNREACHABLE_CODE = YES;
				CLANG_WARN__DUPLICATE_METHOD_MATCH = YES;
				"CODE_SIGN_IDENTITY[sdk=iphoneos*]" = "iPhone Developer";
				COPY_PHASE_STRIP = NO;
				CURRENT_PROJECT_VERSION = 1;
				DEBUG_INFORMATION_FORMAT = "dwarf-with-dsym";
				ENABLE_NS_ASSERTIONS = NO;
				ENABLE_STRICT_OBJC_MSGSEND = YES;
				GCC_C_LANGUAGE_STANDARD = gnu99;
				GCC_NO_COMMON_BLOCKS = YES;
				GCC_WARN_64_TO_32_BIT_CONVERSION = YES;
				GCC_WARN_ABOUT_RETURN_TYPE = YES_ERROR;
				GCC_WARN_UNDECLARED_SELECTOR = YES;
				GCC_WARN_UNINITIALIZED_AUTOS = YES_AGGRESSIVE;
				GCC_WARN_UNUSED_FUNCTION = YES;
				GCC_WARN_UNUSED_VARIABLE = YES;
				IPHONEOS_DEPLOYMENT_TARGET = 9.3;
				MTL_ENABLE_DEBUG_INFO = NO;
				SDKROOT = iphoneos;
				SWIFT_OPTIMIZATION_LEVEL = "-Owholemodule";
				TARGETED_DEVICE_FAMILY = "1,2";
				VALIDATE_PRODUCT = YES;
				VERSIONING_SYSTEM = "apple-generic";
				VERSION_INFO_PREFIX = "";
			};
			name = Release;
		};
		6377EE521D3D52E000D5FAFC /* Debug */ = {
			isa = XCBuildConfiguration;
			buildSettings = {
				CLANG_ENABLE_MODULES = YES;
				CODE_SIGN_IDENTITY = "iPhone Developer";
				"CODE_SIGN_IDENTITY[sdk=iphoneos*]" = "";
				DEFINES_MODULE = YES;
				DYLIB_COMPATIBILITY_VERSION = 1;
				DYLIB_CURRENT_VERSION = 1;
				DYLIB_INSTALL_NAME_BASE = "@rpath";
				INFOPLIST_FILE = DLInterfaceBuilderDrawables/Info.plist;
				INSTALL_PATH = "$(LOCAL_LIBRARY_DIR)/Frameworks";
				LD_RUNPATH_SEARCH_PATHS = "$(inherited) @executable_path/Frameworks @loader_path/Frameworks";
				PRODUCT_BUNDLE_IDENTIFIER = CM.DLInterfaceBuilderDrawables;
				PRODUCT_NAME = "$(TARGET_NAME)";
				SKIP_INSTALL = YES;
				SWIFT_VERSION = 3.0;
			};
			name = Debug;
		};
		6377EE531D3D52E000D5FAFC /* Release */ = {
			isa = XCBuildConfiguration;
			buildSettings = {
				CLANG_ENABLE_MODULES = YES;
				CODE_SIGN_IDENTITY = "iPhone Developer";
				"CODE_SIGN_IDENTITY[sdk=iphoneos*]" = "";
				DEFINES_MODULE = YES;
				DYLIB_COMPATIBILITY_VERSION = 1;
				DYLIB_CURRENT_VERSION = 1;
				DYLIB_INSTALL_NAME_BASE = "@rpath";
				INFOPLIST_FILE = DLInterfaceBuilderDrawables/Info.plist;
				INSTALL_PATH = "$(LOCAL_LIBRARY_DIR)/Frameworks";
				LD_RUNPATH_SEARCH_PATHS = "$(inherited) @executable_path/Frameworks @loader_path/Frameworks";
				PRODUCT_BUNDLE_IDENTIFIER = CM.DLInterfaceBuilderDrawables;
				PRODUCT_NAME = "$(TARGET_NAME)";
				SKIP_INSTALL = YES;
				SWIFT_VERSION = 3.0;
			};
			name = Release;
		};
/* End XCBuildConfiguration section */

/* Begin XCConfigurationList section */
		6377EE431D3D52E000D5FAFC /* Build configuration list for PBXProject "DLInterfaceBuilderDrawables" */ = {
			isa = XCConfigurationList;
			buildConfigurations = (
				6377EE4F1D3D52E000D5FAFC /* Debug */,
				6377EE501D3D52E000D5FAFC /* Release */,
			);
			defaultConfigurationIsVisible = 0;
			defaultConfigurationName = Release;
		};
		6377EE511D3D52E000D5FAFC /* Build configuration list for PBXNativeTarget "DLInterfaceBuilderDrawables" */ = {
			isa = XCConfigurationList;
			buildConfigurations = (
				6377EE521D3D52E000D5FAFC /* Debug */,
				6377EE531D3D52E000D5FAFC /* Release */,
			);
			defaultConfigurationIsVisible = 0;
			defaultConfigurationName = Release;
		};
/* End XCConfigurationList section */
	};
	rootObject = 6377EE401D3D52E000D5FAFC /* Project object */;
}
