// !$*UTF8*$!
{
	archiveVersion = 1;
	classes = {
	};
	objectVersion = 46;
	objects = {

/* Begin PBXBuildFile section */
		6377EE2E1D3D52AE00D5FAFC /* AppDelegate.swift in Sources */ = {isa = PBXBuildFile; fileRef = 6377EE2D1D3D52AE00D5FAFC /* AppDelegate.swift */; };
		6377EE301D3D52AE00D5FAFC /* ViewController.swift in Sources */ = {isa = PBXBuildFile; fileRef = 6377EE2F1D3D52AE00D5FAFC /* ViewController.swift */; };
		6377EE331D3D52AE00D5FAFC /* Main.storyboard in Resources */ = {isa = PBXBuildFile; fileRef = 6377EE311D3D52AE00D5FAFC /* Main.storyboard */; };
		6377EE351D3D52AE00D5FAFC /* Assets.xcassets in Resources */ = {isa = PBXBuildFile; fileRef = 6377EE341D3D52AE00D5FAFC /* Assets.xcassets */; };
		6377EE381D3D52AE00D5FAFC /* LaunchScreen.storyboard in Resources */ = {isa = PBXBuildFile; fileRef = 6377EE361D3D52AE00D5FAFC /* LaunchScreen.storyboard */; };
		6377EE611D3D533200D5FAFC /* DLInterfaceBuilderDrawables.framework in Frameworks */ = {isa = PBXBuildFile; fileRef = 6377EE591D3D52E100D5FAFC /* DLInterfaceBuilderDrawables.framework */; };
		6377EE621D3D533200D5FAFC /* DLInterfaceBuilderDrawables.framework in Embed Frameworks */ = {isa = PBXBuildFile; fileRef = 6377EE591D3D52E100D5FAFC /* DLInterfaceBuilderDrawables.framework */; settings = {ATTRIBUTES = (CodeSignOnCopy, RemoveHeadersOnCopy, ); }; };
/* End PBXBuildFile section */

/* Begin PBXContainerItemProxy section */
		6377EE581D3D52E100D5FAFC /* PBXContainerItemProxy */ = {
			isa = PBXContainerItemProxy;
			containerPortal = 6377EE541D3D52E000D5FAFC /* DLInterfaceBuilderDrawables.xcodeproj */;
			proxyType = 2;
			remoteGlobalIDString = 6377EE491D3D52E000D5FAFC;
			remoteInfo = DLInterfaceBuilderDrawables;
		};
		6377EE631D3D533200D5FAFC /* PBXContainerItemProxy */ = {
			isa = PBXContainerItemProxy;
			containerPortal = 6377EE541D3D52E000D5FAFC /* DLInterfaceBuilderDrawables.xcodeproj */;
			proxyType = 1;
			remoteGlobalIDString = 6377EE481D3D52E000D5FAFC;
			remoteInfo = DLInterfaceBuilderDrawables;
		};
/* End PBXContainerItemProxy section */

/* Begin PBXCopyFilesBuildPhase section */
		6377EE651D3D533200D5FAFC /* Embed Frameworks */ = {
			isa = PBXCopyFilesBuildPhase;
			buildActionMask = 2147483647;
			dstPath = "";
			dstSubfolderSpec = 10;
			files = (
				6377EE621D3D533200D5FAFC /* DLInterfaceBuilderDrawables.framework in Embed Frameworks */,
			);
			name = "Embed Frameworks";
			runOnlyForDeploymentPostprocessing = 0;
		};
/* End PBXCopyFilesBuildPhase section */

/* Begin PBXFileReference section */
		6377EE2A1D3D52AD00D5FAFC /* DLInterfaceBuilderDrawablesDemo.app */ = {isa = PBXFileReference; explicitFileType = wrapper.application; includeInIndex = 0; path = DLInterfaceBuilderDrawablesDemo.app; sourceTree = BUILT_PRODUCTS_DIR; };
		6377EE2D1D3D52AE00D5FAFC /* AppDelegate.swift */ = {isa = PBXFileReference; lastKnownFileType = sourcecode.swift; path = AppDelegate.swift; sourceTree = "<group>"; };
		6377EE2F1D3D52AE00D5FAFC /* ViewController.swift */ = {isa = PBXFileReference; lastKnownFileType = sourcecode.swift; path = ViewController.swift; sourceTree = "<group>"; };
		6377EE321D3D52AE00D5FAFC /* Base */ = {isa = PBXFileReference; lastKnownFileType = file.storyboard; name = Base; path = Base.lproj/Main.storyboard; sourceTree = "<group>"; };
		6377EE341D3D52AE00D5FAFC /* Assets.xcassets */ = {isa = PBXFileReference; lastKnownFileType = folder.assetcatalog; path = Assets.xcassets; sourceTree = "<group>"; };
		6377EE371D3D52AE00D5FAFC /* Base */ = {isa = PBXFileReference; lastKnownFileType = file.storyboard; name = Base; path = Base.lproj/LaunchScreen.storyboard; sourceTree = "<group>"; };
		6377EE391D3D52AE00D5FAFC /* Info.plist */ = {isa = PBXFileReference; lastKnownFileType = text.plist.xml; path = Info.plist; sourceTree = "<group>"; };
		6377EE541D3D52E000D5FAFC /* DLInterfaceBuilderDrawables.xcodeproj */ = {isa = PBXFileReference; lastKnownFileType = "wrapper.pb-project"; name = DLInterfaceBuilderDrawables.xcodeproj; path = DLInterfaceBuilderDrawables/DLInterfaceBuilderDrawables.xcodeproj; sourceTree = "<group>"; };
/* End PBXFileReference section */

/* Begin PBXFrameworksBuildPhase section */
		6377EE271D3D52AD00D5FAFC /* Frameworks */ = {
			isa = PBXFrameworksBuildPhase;
			buildActionMask = 2147483647;
			files = (
				6377EE611D3D533200D5FAFC /* DLInterfaceBuilderDrawables.framework in Frameworks */,
			);
			runOnlyForDeploymentPostprocessing = 0;
		};
/* End PBXFrameworksBuildPhase section */

/* Begin PBXGroup section */
		6377EE211D3D52AD00D5FAFC = {
			isa = PBXGroup;
			children = (
				6377EE541D3D52E000D5FAFC /* DLInterfaceBuilderDrawables.xcodeproj */,
				6377EE2C1D3D52AE00D5FAFC /* DLInterfaceBuilderDrawablesDemo */,
				6377EE2B1D3D52AD00D5FAFC /* Products */,
			);
			sourceTree = "<group>";
		};
		6377EE2B1D3D52AD00D5FAFC /* Products */ = {
			isa = PBXGroup;
			children = (
				6377EE2A1D3D52AD00D5FAFC /* DLInterfaceBuilderDrawablesDemo.app */,
			);
			name = Products;
			sourceTree = "<group>";
		};
		6377EE2C1D3D52AE00D5FAFC /* DLInterfaceBuilderDrawablesDemo */ = {
			isa = PBXGroup;
			children = (
				6377EE2D1D3D52AE00D5FAFC /* AppDelegate.swift */,
				6377EE2F1D3D52AE00D5FAFC /* ViewController.swift */,
				6377EE311D3D52AE00D5FAFC /* Main.storyboard */,
				6377EE341D3D52AE00D5FAFC /* Assets.xcassets */,
				6377EE361D3D52AE00D5FAFC /* LaunchScreen.storyboard */,
				6377EE391D3D52AE00D5FAFC /* Info.plist */,
			);
			path = DLInterfaceBuilderDrawablesDemo;
			sourceTree = "<group>";
		};
		6377EE551D3D52E000D5FAFC /* Products */ = {
			isa = PBXGroup;
			children = (
				6377EE591D3D52E100D5FAFC /* DLInterfaceBuilderDrawables.framework */,
			);
			name = Products;
			sourceTree = "<group>";
		};
/* End PBXGroup section */

/* Begin PBXNativeTarget section */
		6377EE291D3D52AD00D5FAFC /* DLInterfaceBuilderDrawablesDemo */ = {
			isa = PBXNativeTarget;
			buildConfigurationList = 6377EE3C1D3D52AE00D5FAFC /* Build configuration list for PBXNativeTarget "DLInterfaceBuilderDrawablesDemo" */;
			buildPhases = (
				6377EE261D3D52AD00D5FAFC /* Sources */,
				6377EE271D3D52AD00D5FAFC /* Frameworks */,
				6377EE281D3D52AD00D5FAFC /* Resources */,
				6377EE651D3D533200D5FAFC /* Embed Frameworks */,
			);
			buildRules = (
			);
			dependencies = (
				6377EE641D3D533200D5FAFC /* PBXTargetDependency */,
			);
			name = DLInterfaceBuilderDrawablesDemo;
			productName = DLInterfaceBuilderDrawablesDemo;
			productReference = 6377EE2A1D3D52AD00D5FAFC /* DLInterfaceBuilderDrawablesDemo.app */;
			productType = "com.apple.product-type.application";
		};
/* End PBXNativeTarget section */

/* Begin PBXProject section */
		6377EE221D3D52AD00D5FAFC /* Project object */ = {
			isa = PBXProject;
			attributes = {
				LastSwiftUpdateCheck = 0730;
				LastUpgradeCheck = 0830;
				ORGANIZATIONNAME = Community;
				TargetAttributes = {
					6377EE291D3D52AD00D5FAFC = {
						CreatedOnToolsVersion = 7.3;
						LastSwiftMigration = 0830;
					};
				};
			};
			buildConfigurationList = 6377EE251D3D52AD00D5FAFC /* Build configuration list for PBXProject "DLInterfaceBuilderDrawablesDemo" */;
			compatibilityVersion = "Xcode 3.2";
			developmentRegion = English;
			hasScannedForEncodings = 0;
			knownRegions = (
				en,
				Base,
			);
			mainGroup = 6377EE211D3D52AD00D5FAFC;
			productRefGroup = 6377EE2B1D3D52AD00D5FAFC /* Products */;
			projectDirPath = "";
			projectReferences = (
				{
					ProductGroup = 6377EE551D3D52E000D5FAFC /* Products */;
					ProjectRef = 6377EE541D3D52E000D5FAFC /* DLInterfaceBuilderDrawables.xcodeproj */;
				},
			);
			projectRoot = "";
			targets = (
				6377EE291D3D52AD00D5FAFC /* DLInterfaceBuilderDrawablesDemo */,
			);
		};
/* End PBXProject section */

/* Begin PBXReferenceProxy section */
		6377EE591D3D52E100D5FAFC /* DLInterfaceBuilderDrawables.framework */ = {
			isa = PBXReferenceProxy;
			fileType = wrapper.framework;
			path = DLInterfaceBuilderDrawables.framework;
			remoteRef = 6377EE581D3D52E100D5FAFC /* PBXContainerItemProxy */;
			sourceTree = BUILT_PRODUCTS_DIR;
		};
/* End PBXReferenceProxy section */

/* Begin PBXResourcesBuildPhase section */
		6377EE281D3D52AD00D5FAFC /* Resources */ = {
			isa = PBXResourcesBuildPhase;
			buildActionMask = 2147483647;
			files = (
				6377EE381D3D52AE00D5FAFC /* LaunchScreen.storyboard in Resources */,
				6377EE351D3D52AE00D5FAFC /* Assets.xcassets in Resources */,
				6377EE331D3D52AE00D5FAFC /* Main.storyboard in Resources */,
			);
			runOnlyForDeploymentPostprocessing = 0;
		};
/* End PBXResourcesBuildPhase section */

/* Begin PBXSourcesBuildPhase section */
		6377EE261D3D52AD00D5FAFC /* Sources */ = {
			isa = PBXSourcesBuildPhase;
			buildActionMask = 2147483647;
			files = (
				6377EE301D3D52AE00D5FAFC /* ViewController.swift in Sources */,
				6377EE2E1D3D52AE00D5FAFC /* AppDelegate.swift in Sources */,
			);
			runOnlyForDeploymentPostprocessing = 0;
		};
/* End PBXSourcesBuildPhase section */

/* Begin PBXTargetDependency section */
		6377EE641D3D533200D5FAFC /* PBXTargetDependency */ = {
			isa = PBXTargetDependency;
			name = DLInterfaceBuilderDrawables;
			targetProxy = 6377EE631D3D533200D5FAFC /* PBXContainerItemProxy */;
		};
/* End PBXTargetDependency section */

/* Begin PBXVariantGroup section */
		6377EE311D3D52AE00D5FAFC /* Main.storyboard */ = {
			isa = PBXVariantGroup;
			children = (
				6377EE321D3D52AE00D5FAFC /* Base */,
			);
			name = Main.storyboard;
			sourceTree = "<group>";
		};
		6377EE361D3D52AE00D5FAFC /* LaunchScreen.storyboard */ = {
			isa = PBXVariantGroup;
			children = (
				6377EE371D3D52AE00D5FAFC /* Base */,
			);
			name = LaunchScreen.storyboard;
			sourceTree = "<group>";
		};
/* End PBXVariantGroup section */

/* Begin XCBuildConfiguration section */
		6377EE3A1D3D52AE00D5FAFC /* Debug */ = {
			isa = XCBuildConfiguration;
			buildSettings = {
				ALWAYS_SEARCH_USER_PATHS = NO;
				CLANG_ANALYZER_LOCALIZABILITY_NONLOCALIZED = YES;
				CLANG_ANALYZER_NONNULL = YES;
				CLANG_CXX_LANGUAGE_STANDARD = "gnu++0x";
				CLANG_CXX_LIBRARY = "libc++";
				CLANG_ENABLE_MODULES = YES;
				CLANG_ENABLE_OBJC_ARC = YES;
				CLANG_WARN_BOOL_CONVERSION = YES;
				CLANG_WARN_CONSTANT_CONVERSION = YES;
				CLANG_WARN_DIRECT_OBJC_ISA_USAGE = YES_ERROR;
				CLANG_WARN_EMPTY_BODY = YES;
				CLANG_WARN_ENUM_CONVERSION = YES;
				CLANG_WARN_INFINITE_RECURSION = YES;
				CLANG_WARN_INT_CONVERSION = YES;
				CLANG_WARN_OBJC_ROOT_CLASS = YES_ERROR;
				CLANG_WARN_SUSPICIOUS_MOVE = YES;
				CLANG_WARN_UNREACHABLE_CODE = YES;
				CLANG_WARN__DUPLICATE_METHOD_MATCH = YES;
				"CODE_SIGN_IDENTITY[sdk=iphoneos*]" = "iPhone Developer";
				COPY_PHASE_STRIP = NO;
				DEBUG_INFORMATION_FORMAT = dwarf;
				ENABLE_STRICT_OBJC_MSGSEND = YES;
				ENABLE_TESTABILITY = YES;
				GCC_C_LANGUAGE_STANDARD = gnu99;
				GCC_DYNAMIC_NO_PIC = NO;
				GCC_NO_COMMON_BLOCKS = YES;
				GCC_OPTIMIZATION_LEVEL = 0;
				GCC_PREPROCESSOR_DEFINITIONS = (
					"DEBUG=1",
					"$(inherited)",
				);
				GCC_WARN_64_TO_32_BIT_CONVERSION = YES;
				GCC_WARN_ABOUT_RETURN_TYPE = YES_ERROR;
				GCC_WARN_UNDECLARED_SELECTOR = YES;
				GCC_WARN_UNINITIALIZED_AUTOS = YES_AGGRESSIVE;
				GCC_WARN_UNUSED_FUNCTION = YES;
				GCC_WARN_UNUSED_VARIABLE = YES;
				IPHONEOS_DEPLOYMENT_TARGET = 9.3;
				MTL_ENABLE_DEBUG_INFO = YES;
				ONLY_ACTIVE_ARCH = YES;
				SDKROOT = iphoneos;
				SWIFT_OPTIMIZATION_LEVEL = "-Onone";
				TARGETED_DEVICE_FAMILY = "1,2";
			};
			name = Debug;
		};
		6377EE3B1D3D52AE00D5FAFC /* Release */ = {
			isa = XCBuildConfiguration;
			buildSettings = {
				ALWAYS_SEARCH_USER_PATHS = NO;
				CLANG_ANALYZER_LOCALIZABILITY_NONLOCALIZED = YES;
				CLANG_ANALYZER_NONNULL = YES;
				CLANG_CXX_LANGUAGE_STANDARD = "gnu++0x";
				CLANG_CXX_LIBRARY = "libc++";
				CLANG_ENABLE_MODULES = YES;
				CLANG_ENABLE_OBJC_ARC = YES;
				CLANG_WARN_BOOL_CONVERSION = YES;
				CLANG_WARN_CONSTANT_CONVERSION = YES;
				CLANG_WARN_DIRECT_OBJC_ISA_USAGE = YES_ERROR;
				CLANG_WARN_EMPTY_BODY = YES;
				CLANG_WARN_ENUM_CONVERSION = YES;
				CLANG_WARN_INFINITE_RECURSION = YES;
				CLANG_WARN_INT_CONVERSION = YES;
				CLANG_WARN_OBJC_ROOT_CLASS = YES_ERROR;
				CLANG_WARN_SUSPICIOUS_MOVE = YES;
				CLANG_WARN_UNREACHABLE_CODE = YES;
				CLANG_WARN__DUPLICATE_METHOD_MATCH = YES;
				"CODE_SIGN_IDENTITY[sdk=iphoneos*]" = "iPhone Developer";
				COPY_PHASE_STRIP = NO;
				DEBUG_INFORMATION_FORMAT = "dwarf-with-dsym";
				ENABLE_NS_ASSERTIONS = NO;
				ENABLE_STRICT_OBJC_MSGSEND = YES;
				GCC_C_LANGUAGE_STANDARD = gnu99;
				GCC_NO_COMMON_BLOCKS = YES;
				GCC_WARN_64_TO_32_BIT_CONVERSION = YES;
				GCC_WARN_ABOUT_RETURN_TYPE = YES_ERROR;
				GCC_WARN_UNDECLARED_SELECTOR = YES;
				GCC_WARN_UNINITIALIZED_AUTOS = YES_AGGRESSIVE;
				GCC_WARN_UNUSED_FUNCTION = YES;
				GCC_WARN_UNUSED_VARIABLE = YES;
				IPHONEOS_DEPLOYMENT_TARGET = 9.3;
				MTL_ENABLE_DEBUG_INFO = NO;
				SDKROOT = iphoneos;
				SWIFT_OPTIMIZATION_LEVEL = "-Owholemodule";
				TARGETED_DEVICE_FAMILY = "1,2";
				VALIDATE_PRODUCT = YES;
			};
			name = Release;
		};
		6377EE3D1D3D52AE00D5FAFC /* Debug */ = {
			isa = XCBuildConfiguration;
			buildSettings = {
				ASSETCATALOG_COMPILER_APPICON_NAME = AppIcon;
				CODE_SIGN_IDENTITY = "iPhone Developer";
				INFOPLIST_FILE = DLInterfaceBuilderDrawablesDemo/Info.plist;
				LD_RUNPATH_SEARCH_PATHS = "$(inherited) @executable_path/Frameworks";
				PRODUCT_BUNDLE_IDENTIFIER = CM.DLInterfaceBuilderDrawablesDemo;
				PRODUCT_NAME = "$(TARGET_NAME)";
				SWIFT_VERSION = 3.0;
			};
			name = Debug;
		};
		6377EE3E1D3D52AE00D5FAFC /* Release */ = {
			isa = XCBuildConfiguration;
			buildSettings = {
				ASSETCATALOG_COMPILER_APPICON_NAME = AppIcon;
				CODE_SIGN_IDENTITY = "iPhone Developer";
				INFOPLIST_FILE = DLInterfaceBuilderDrawablesDemo/Info.plist;
				LD_RUNPATH_SEARCH_PATHS = "$(inherited) @executable_path/Frameworks";
				PRODUCT_BUNDLE_IDENTIFIER = CM.DLInterfaceBuilderDrawablesDemo;
				PRODUCT_NAME = "$(TARGET_NAME)";
				SWIFT_VERSION = 3.0;
			};
			name = Release;
		};
/* End XCBuildConfiguration section */

/* Begin XCConfigurationList section */
		6377EE251D3D52AD00D5FAFC /* Build configuration list for PBXProject "DLInterfaceBuilderDrawablesDemo" */ = {
			isa = XCConfigurationList;
			buildConfigurations = (
				6377EE3A1D3D52AE00D5FAFC /* Debug */,
				6377EE3B1D3D52AE00D5FAFC /* Release */,
			);
			defaultConfigurationIsVisible = 0;
			defaultConfigurationName = Release;
		};
		6377EE3C1D3D52AE00D5FAFC /* Build configuration list for PBXNativeTarget "DLInterfaceBuilderDrawablesDemo" */ = {
			isa = XCConfigurationList;
			buildConfigurations = (
				6377EE3D1D3D52AE00D5FAFC /* Debug */,
				6377EE3E1D3D52AE00D5FAFC /* Release */,
			);
			defaultConfigurationIsVisible = 0;
			defaultConfigurationName = Release;
		};
/* End XCConfigurationList section */
	};
	rootObject = 6377EE221D3D52AD00D5FAFC /* Project object */;
}
